
Microsoft Visual Studio Solution File, Format Version 12.00
# Visual Studio Version 17
VisualStudioVersion = 17.11.35303.130
MinimumVisualStudioVersion = 10.0.40219.1
Project("{FAE04EC0-301F-11D3-BF4B-00C04F79EFBC}") = "Oefening_Atleet", "Oefening_Atleet\Oefening_Atleet.csproj", "{3F1C2F79-C035-40FB-B828-FF4A7DD33E09}"
EndProject
Global
	GlobalSection(SolutionConfigurationPlatforms) = preSolution
		Debug|Any CPU = Debug|Any CPU
		Release|Any CPU = Release|Any CPU
	EndGlobalSection
	GlobalSection(ProjectConfigurationPlatforms) = postSolution
		{3F1C2F79-C035-40FB-B828-FF4A7DD33E09}.Debug|Any CPU.ActiveCfg = Debug|Any CPU
		{3F1C2F79-C035-40FB-B828-FF4A7DD33E09}.Debug|Any CPU.Build.0 = Debug|Any CPU
		{3F1C2F79-C035-40FB-B828-FF4A7DD33E09}.Release|Any CPU.ActiveCfg = Release|Any CPU
		{3F1C2F79-C035-40FB-B828-FF4A7DD33E09}.Release|Any CPU.Build.0 = Release|Any CPU
	EndGlobalSection
	GlobalSection(SolutionProperties) = preSolution
		HideSolutionNode = FALSE
	EndGlobalSection
	GlobalSection(ExtensibilityGlobals) = postSolution
		SolutionGuid = {6D5CC109-3FF8-40B2-A01E-193285EA70D5}
	EndGlobalSection
EndGlobal
